
Microsoft Visual Studio Solution File, Format Version 12.00
# Visual Studio Version 17
VisualStudioVersion = 17.11.35327.3
MinimumVisualStudioVersion = 10.0.40219.1
Project("{FAE04EC0-301F-11D3-BF4B-00C04F79EFBC}") = "GarciaGuillermo", "GarciaGuillermo\GarciaGuillermo.csproj", "{7CDE2437-7FCF-41C5-98BA-85A42BFFF23D}"
EndProject
Global
	GlobalSection(SolutionConfigurationPlatforms) = preSolution
		Debug|Any CPU = Debug|Any CPU
		Release|Any CPU = Release|Any CPU
	EndGlobalSection
	GlobalSection(ProjectConfigurationPlatforms) = postSolution
		{7CDE2437-7FCF-41C5-98BA-85A42BFFF23D}.Debug|Any CPU.ActiveCfg = Debug|Any CPU
		{7CDE2437-7FCF-41C5-98BA-85A42BFFF23D}.Debug|Any CPU.Build.0 = Debug|Any CPU
		{7CDE2437-7FCF-41C5-98BA-85A42BFFF23D}.Release|Any CPU.ActiveCfg = Release|Any CPU
		{7CDE2437-7FCF-41C5-98BA-85A42BFFF23D}.Release|Any CPU.Build.0 = Release|Any CPU
	EndGlobalSection
	GlobalSection(SolutionProperties) = preSolution
		HideSolutionNode = FALSE
	EndGlobalSection
	GlobalSection(ExtensibilityGlobals) = postSolution
		SolutionGuid = {A8101AD4-B123-43F6-B26F-098E6B0059D3}
	EndGlobalSection
EndGlobal
